
Microsoft Visual Studio Solution File, Format Version 12.00
# Visual Studio Version 17
VisualStudioVersion = 17.8.34316.72
MinimumVisualStudioVersion = 10.0.40219.1
Project("{FAE04EC0-301F-11D3-BF4B-00C04F79EFBC}") = "ActiveWear.WebApi", "ActiveWear.WebApi\ActiveWear.WebApi.csproj", "{20CF8A43-BD55-4A80-B160-A04758C2AA8F}"
EndProject
Project("{2150E333-8FDC-42A3-9474-1A3956D46DE8}") = "Infrastructure", "Infrastructure", "{0B72F442-BA51-4E07-9FEB-DBA8D92A03E0}"
EndProject
Project("{2150E333-8FDC-42A3-9474-1A3956D46DE8}") = "Api", "Api", "{7C099514-6F1E-4F27-94E0-F4732E9CC85C}"
EndProject
Project("{FAE04EC0-301F-11D3-BF4B-00C04F79EFBC}") = "ActiveWear.WebApi.Models", "ActiveWear.WebApi.Models\ActiveWear.WebApi.Models.csproj", "{A09BBE37-BDC1-41DE-9C3C-C210B049E168}"
EndProject
Project("{2150E333-8FDC-42A3-9474-1A3956D46DE8}") = "Core", "Core", "{DB999CA7-D5F6-4FA8-B5AB-97C6FF65D791}"
EndProject
Project("{FAE04EC0-301F-11D3-BF4B-00C04F79EFBC}") = "ActiveWear.Core", "ActiveWear.Core.Entities\ActiveWear.Core.csproj", "{C5759723-BD1B-4F89-991B-D44FFFE8F7BC}"
EndProject
Project("{FAE04EC0-301F-11D3-BF4B-00C04F79EFBC}") = "ActiveWear.Dal.Sql", "ActiveWear.Dal.Sql\ActiveWear.Dal.Sql.csproj", "{9FBD355E-7E3F-439A-A681-ACAD84023C32}"
EndProject
Global
	GlobalSection(SolutionConfigurationPlatforms) = preSolution
		Debug|Any CPU = Debug|Any CPU
		Release|Any CPU = Release|Any CPU
	EndGlobalSection
	GlobalSection(ProjectConfigurationPlatforms) = postSolution
		{20CF8A43-BD55-4A80-B160-A04758C2AA8F}.Debug|Any CPU.ActiveCfg = Debug|Any CPU
		{20CF8A43-BD55-4A80-B160-A04758C2AA8F}.Debug|Any CPU.Build.0 = Debug|Any CPU
		{20CF8A43-BD55-4A80-B160-A04758C2AA8F}.Release|Any CPU.ActiveCfg = Release|Any CPU
		{20CF8A43-BD55-4A80-B160-A04758C2AA8F}.Release|Any CPU.Build.0 = Release|Any CPU
		{A09BBE37-BDC1-41DE-9C3C-C210B049E168}.Debug|Any CPU.ActiveCfg = Debug|Any CPU
		{A09BBE37-BDC1-41DE-9C3C-C210B049E168}.Debug|Any CPU.Build.0 = Debug|Any CPU
		{A09BBE37-BDC1-41DE-9C3C-C210B049E168}.Release|Any CPU.ActiveCfg = Release|Any CPU
		{A09BBE37-BDC1-41DE-9C3C-C210B049E168}.Release|Any CPU.Build.0 = Release|Any CPU
		{C5759723-BD1B-4F89-991B-D44FFFE8F7BC}.Debug|Any CPU.ActiveCfg = Debug|Any CPU
		{C5759723-BD1B-4F89-991B-D44FFFE8F7BC}.Debug|Any CPU.Build.0 = Debug|Any CPU
		{C5759723-BD1B-4F89-991B-D44FFFE8F7BC}.Release|Any CPU.ActiveCfg = Release|Any CPU
		{C5759723-BD1B-4F89-991B-D44FFFE8F7BC}.Release|Any CPU.Build.0 = Release|Any CPU
		{9FBD355E-7E3F-439A-A681-ACAD84023C32}.Debug|Any CPU.ActiveCfg = Debug|Any CPU
		{9FBD355E-7E3F-439A-A681-ACAD84023C32}.Debug|Any CPU.Build.0 = Debug|Any CPU
		{9FBD355E-7E3F-439A-A681-ACAD84023C32}.Release|Any CPU.ActiveCfg = Release|Any CPU
		{9FBD355E-7E3F-439A-A681-ACAD84023C32}.Release|Any CPU.Build.0 = Release|Any CPU
	EndGlobalSection
	GlobalSection(SolutionProperties) = preSolution
		HideSolutionNode = FALSE
	EndGlobalSection
	GlobalSection(NestedProjects) = preSolution
		{20CF8A43-BD55-4A80-B160-A04758C2AA8F} = {7C099514-6F1E-4F27-94E0-F4732E9CC85C}
		{A09BBE37-BDC1-41DE-9C3C-C210B049E168} = {7C099514-6F1E-4F27-94E0-F4732E9CC85C}
		{C5759723-BD1B-4F89-991B-D44FFFE8F7BC} = {DB999CA7-D5F6-4FA8-B5AB-97C6FF65D791}
		{9FBD355E-7E3F-439A-A681-ACAD84023C32} = {0B72F442-BA51-4E07-9FEB-DBA8D92A03E0}
	EndGlobalSection
	GlobalSection(ExtensibilityGlobals) = postSolution
		SolutionGuid = {57963578-84EE-4036-A3C1-B4E2255248D8}
	EndGlobalSection
EndGlobal
